
Microsoft Visual Studio Solution File, Format Version 12.00
# Visual Studio 15
VisualStudioVersion = 15.0.28307.645
MinimumVisualStudioVersion = 10.0.40219.1
Project("{FAE04EC0-301F-11D3-BF4B-00C04F79EFBC}") = "PasswordShowAndHideJavascript", "PasswordShowAndHideJavascript\PasswordShowAndHideJavascript.csproj", "{6CC6512F-546B-4B24-9400-499440C63491}"
EndProject
Global
	GlobalSection(SolutionConfigurationPlatforms) = preSolution
		Debug|Any CPU = Debug|Any CPU
		Release|Any CPU = Release|Any CPU
	EndGlobalSection
	GlobalSection(ProjectConfigurationPlatforms) = postSolution
		{6CC6512F-546B-4B24-9400-499440C63491}.Debug|Any CPU.ActiveCfg = Debug|Any CPU
		{6CC6512F-546B-4B24-9400-499440C63491}.Debug|Any CPU.Build.0 = Debug|Any CPU
		{6CC6512F-546B-4B24-9400-499440C63491}.Release|Any CPU.ActiveCfg = Release|Any CPU
		{6CC6512F-546B-4B24-9400-499440C63491}.Release|Any CPU.Build.0 = Release|Any CPU
	EndGlobalSection
	GlobalSection(SolutionProperties) = preSolution
		HideSolutionNode = FALSE
	EndGlobalSection
	GlobalSection(ExtensibilityGlobals) = postSolution
		SolutionGuid = {FEB3A45A-CB48-43BF-8E73-2D2C5A68B162}
	EndGlobalSection
EndGlobal
